// !$*UTF8*$!
{
	archiveVersion = 1;
	classes = {
	};
	objectVersion = 50;
	objects = {

/* Begin PBXBuildFile section */
		7FE0625C21AAC6AA00CA4EDE /* AppDelegate.swift in Sources */ = {isa = PBXBuildFile; fileRef = 7FE0625B21AAC6AA00CA4EDE /* AppDelegate.swift */; };
		7FE0626121AAC6AA00CA4EDE /* Main.storyboard in Resources */ = {isa = PBXBuildFile; fileRef = 7FE0625F21AAC6AA00CA4EDE /* Main.storyboard */; };
		7FE0626321AAC6AB00CA4EDE /* Assets.xcassets in Resources */ = {isa = PBXBuildFile; fileRef = 7FE0626221AAC6AB00CA4EDE /* Assets.xcassets */; };
		7FE0626621AAC6AB00CA4EDE /* LaunchScreen.storyboard in Resources */ = {isa = PBXBuildFile; fileRef = 7FE0626421AAC6AB00CA4EDE /* LaunchScreen.storyboard */; };
		7FE0626E21AAC6E800CA4EDE /* MainTableTableViewController.swift in Sources */ = {isa = PBXBuildFile; fileRef = 7FE0626D21AAC6E800CA4EDE /* MainTableTableViewController.swift */; };
		7FE0627021AAC6F200CA4EDE /* FavoriteTableViewController.swift in Sources */ = {isa = PBXBuildFile; fileRef = 7FE0626F21AAC6F200CA4EDE /* FavoriteTableViewController.swift */; };
/* End PBXBuildFile section */

/* Begin PBXFileReference section */
		7FE0625821AAC6AA00CA4EDE /* Favorite.app */ = {isa = PBXFileReference; explicitFileType = wrapper.application; includeInIndex = 0; path = Favorite.app; sourceTree = BUILT_PRODUCTS_DIR; };
		7FE0625B21AAC6AA00CA4EDE /* AppDelegate.swift */ = {isa = PBXFileReference; lastKnownFileType = sourcecode.swift; path = AppDelegate.swift; sourceTree = "<group>"; };
		7FE0626021AAC6AA00CA4EDE /* Base */ = {isa = PBXFileReference; lastKnownFileType = file.storyboard; name = Base; path = Base.lproj/Main.storyboard; sourceTree = "<group>"; };
		7FE0626221AAC6AB00CA4EDE /* Assets.xcassets */ = {isa = PBXFileReference; lastKnownFileType = folder.assetcatalog; path = Assets.xcassets; sourceTree = "<group>"; };
		7FE0626521AAC6AB00CA4EDE /* Base */ = {isa = PBXFileReference; lastKnownFileType = file.storyboard; name = Base; path = Base.lproj/LaunchScreen.storyboard; sourceTree = "<group>"; };
		7FE0626721AAC6AB00CA4EDE /* Info.plist */ = {isa = PBXFileReference; lastKnownFileType = text.plist.xml; path = Info.plist; sourceTree = "<group>"; };
		7FE0626D21AAC6E800CA4EDE /* MainTableTableViewController.swift */ = {isa = PBXFileReference; lastKnownFileType = sourcecode.swift; path = MainTableTableViewController.swift; sourceTree = "<group>"; };
		7FE0626F21AAC6F200CA4EDE /* FavoriteTableViewController.swift */ = {isa = PBXFileReference; lastKnownFileType = sourcecode.swift; path = FavoriteTableViewController.swift; sourceTree = "<group>"; };
/* End PBXFileReference section */

/* Begin PBXFrameworksBuildPhase section */
		7FE0625521AAC6AA00CA4EDE /* Frameworks */ = {
			isa = PBXFrameworksBuildPhase;
			buildActionMask = 2147483647;
			files = (
			);
			runOnlyForDeploymentPostprocessing = 0;
		};
/* End PBXFrameworksBuildPhase section */

/* Begin PBXGroup section */
		7FE0624F21AAC6AA00CA4EDE = {
			isa = PBXGroup;
			children = (
				7FE0625A21AAC6AA00CA4EDE /* Favorite */,
				7FE0625921AAC6AA00CA4EDE /* Products */,
			);
			sourceTree = "<group>";
		};
		7FE0625921AAC6AA00CA4EDE /* Products */ = {
			isa = PBXGroup;
			children = (
				7FE0625821AAC6AA00CA4EDE /* Favorite.app */,
			);
			name = Products;
			sourceTree = "<group>";
		};
		7FE0625A21AAC6AA00CA4EDE /* Favorite */ = {
			isa = PBXGroup;
			children = (
				7FE0625B21AAC6AA00CA4EDE /* AppDelegate.swift */,
				7FE0625F21AAC6AA00CA4EDE /* Main.storyboard */,
				7FE0626221AAC6AB00CA4EDE /* Assets.xcassets */,
				7FE0626421AAC6AB00CA4EDE /* LaunchScreen.storyboard */,
				7FE0626721AAC6AB00CA4EDE /* Info.plist */,
				7FE0626D21AAC6E800CA4EDE /* MainTableTableViewController.swift */,
				7FE0626F21AAC6F200CA4EDE /* FavoriteTableViewController.swift */,
			);
			path = Favorite;
			sourceTree = "<group>";
		};
/* End PBXGroup section */

/* Begin PBXNativeTarget section */
		7FE0625721AAC6AA00CA4EDE /* Favorite */ = {
			isa = PBXNativeTarget;
			buildConfigurationList = 7FE0626A21AAC6AB00CA4EDE /* Build configuration list for PBXNativeTarget "Favorite" */;
			buildPhases = (
				7FE0625421AAC6AA00CA4EDE /* Sources */,
				7FE0625521AAC6AA00CA4EDE /* Frameworks */,
				7FE0625621AAC6AA00CA4EDE /* Resources */,
			);
			buildRules = (
			);
			dependencies = (
			);
			name = Favorite;
			productName = Favorite;
			productReference = 7FE0625821AAC6AA00CA4EDE /* Favorite.app */;
			productType = "com.apple.product-type.application";
		};
/* End PBXNativeTarget section */

/* Begin PBXProject section */
		7FE0625021AAC6AA00CA4EDE /* Project object */ = {
			isa = PBXProject;
			attributes = {
				LastSwiftUpdateCheck = 1010;
				LastUpgradeCheck = 1010;
				ORGANIZATIONNAME = "Kelvin Tan";
				TargetAttributes = {
					7FE0625721AAC6AA00CA4EDE = {
						CreatedOnToolsVersion = 10.1;
					};
				};
			};
			buildConfigurationList = 7FE0625321AAC6AA00CA4EDE /* Build configuration list for PBXProject "Favorite" */;
			compatibilityVersion = "Xcode 9.3";
			developmentRegion = en;
			hasScannedForEncodings = 0;
			knownRegions = (
				en,
				Base,
			);
			mainGroup = 7FE0624F21AAC6AA00CA4EDE;
			productRefGroup = 7FE0625921AAC6AA00CA4EDE /* Products */;
			projectDirPath = "";
			projectRoot = "";
			targets = (
				7FE0625721AAC6AA00CA4EDE /* Favorite */,
			);
		};
/* End PBXProject section */

/* Begin PBXResourcesBuildPhase section */
		7FE0625621AAC6AA00CA4EDE /* Resources */ = {
			isa = PBXResourcesBuildPhase;
			buildActionMask = 2147483647;
			files = (
				7FE0626621AAC6AB00CA4EDE /* LaunchScreen.storyboard in Resources */,
				7FE0626321AAC6AB00CA4EDE /* Assets.xcassets in Resources */,
				7FE0626121AAC6AA00CA4EDE /* Main.storyboard in Resources */,
			);
			runOnlyForDeploymentPostprocessing = 0;
		};
/* End PBXResourcesBuildPhase section */

/* Begin PBXSourcesBuildPhase section */
		7FE0625421AAC6AA00CA4EDE /* Sources */ = {
			isa = PBXSourcesBuildPhase;
			buildActionMask = 2147483647;
			files = (
				7FE0625C21AAC6AA00CA4EDE /* AppDelegate.swift in Sources */,
				7FE0626E21AAC6E800CA4EDE /* MainTableTableViewController.swift in Sources */,
				7FE0627021AAC6F200CA4EDE /* FavoriteTableViewController.swift in Sources */,
			);
			runOnlyForDeploymentPostprocessing = 0;
		};
/* End PBXSourcesBuildPhase section */

/* Begin PBXVariantGroup section */
		7FE0625F21AAC6AA00CA4EDE /* Main.storyboard */ = {
			isa = PBXVariantGroup;
			children = (
				7FE0626021AAC6AA00CA4EDE /* Base */,
			);
			name = Main.storyboard;
			sourceTree = "<group>";
		};
		7FE0626421AAC6AB00CA4EDE /* LaunchScreen.storyboard */ = {
			isa = PBXVariantGroup;
			children = (
				7FE0626521AAC6AB00CA4EDE /* Base */,
			);
			name = LaunchScreen.storyboard;
			sourceTree = "<group>";
		};
/* End PBXVariantGroup section */

/* Begin XCBuildConfiguration section */
		7FE0626821AAC6AB00CA4EDE /* Debug */ = {
			isa = XCBuildConfiguration;
			buildSettings = {
				ALWAYS_SEARCH_USER_PATHS = NO;
				CLANG_ANALYZER_NONNULL = YES;
				CLANG_ANALYZER_NUMBER_OBJECT_CONVERSION = YES_AGGRESSIVE;
				CLANG_CXX_LANGUAGE_STANDARD = "gnu++14";
				CLANG_CXX_LIBRARY = "libc++";
				CLANG_ENABLE_MODULES = YES;
				CLANG_ENABLE_OBJC_ARC = YES;
				CLANG_ENABLE_OBJC_WEAK = YES;
				CLANG_WARN_BLOCK_CAPTURE_AUTORELEASING = YES;
				CLANG_WARN_BOOL_CONVERSION = YES;
				CLANG_WARN_COMMA = YES;
				CLANG_WARN_CONSTANT_CONVERSION = YES;
				CLANG_WARN_DEPRECATED_OBJC_IMPLEMENTATIONS = YES;
				CLANG_WARN_DIRECT_OBJC_ISA_USAGE = YES_ERROR;
				CLANG_WARN_DOCUMENTATION_COMMENTS = YES;
				CLANG_WARN_EMPTY_BODY = YES;
				CLANG_WARN_ENUM_CONVERSION = YES;
				CLANG_WARN_INFINITE_RECURSION = YES;
				CLANG_WARN_INT_CONVERSION = YES;
				CLANG_WARN_NON_LITERAL_NULL_CONVERSION = YES;
				CLANG_WARN_OBJC_IMPLICIT_RETAIN_SELF = YES;
				CLANG_WARN_OBJC_LITERAL_CONVERSION = YES;
				CLANG_WARN_OBJC_ROOT_CLASS = YES_ERROR;
				CLANG_WARN_RANGE_LOOP_ANALYSIS = YES;
				CLANG_WARN_STRICT_PROTOTYPES = YES;
				CLANG_WARN_SUSPICIOUS_MOVE = YES;
				CLANG_WARN_UNGUARDED_AVAILABILITY = YES_AGGRESSIVE;
				CLANG_WARN_UNREACHABLE_CODE = YES;
				CLANG_WARN__DUPLICATE_METHOD_MATCH = YES;
				CODE_SIGN_IDENTITY = "iPhone Developer";
				COPY_PHASE_STRIP = NO;
				DEBUG_INFORMATION_FORMAT = dwarf;
				ENABLE_STRICT_OBJC_MSGSEND = YES;
				ENABLE_TESTABILITY = YES;
				GCC_C_LANGUAGE_STANDARD = gnu11;
				GCC_DYNAMIC_NO_PIC = NO;
				GCC_NO_COMMON_BLOCKS = YES;
				GCC_OPTIMIZATION_LEVEL = 0;
				GCC_PREPROCESSOR_DEFINITIONS = (
					"DEBUG=1",
					"$(inherited)",
				);
				GCC_WARN_64_TO_32_BIT_CONVERSION = YES;
				GCC_WARN_ABOUT_RETURN_TYPE = YES_ERROR;
				GCC_WARN_UNDECLARED_SELECTOR = YES;
				GCC_WARN_UNINITIALIZED_AUTOS = YES_AGGRESSIVE;
				GCC_WARN_UNUSED_FUNCTION = YES;
				GCC_WARN_UNUSED_VARIABLE = YES;
				IPHONEOS_DEPLOYMENT_TARGET = 12.1;
				MTL_ENABLE_DEBUG_INFO = INCLUDE_SOURCE;
				MTL_FAST_MATH = YES;
				ONLY_ACTIVE_ARCH = YES;
				SDKROOT = iphoneos;
				SWIFT_ACTIVE_COMPILATION_CONDITIONS = DEBUG;
				SWIFT_OPTIMIZATION_LEVEL = "-Onone";
			};
			name = Debug;
		};
		7FE0626921AAC6AB00CA4EDE /* Release */ = {
			isa = XCBuildConfiguration;
			buildSettings = {
				ALWAYS_SEARCH_USER_PATHS = NO;
				CLANG_ANALYZER_NONNULL = YES;
				CLANG_ANALYZER_NUMBER_OBJECT_CONVERSION = YES_AGGRESSIVE;
				CLANG_CXX_LANGUAGE_STANDARD = "gnu++14";
				CLANG_CXX_LIBRARY = "libc++";
				CLANG_ENABLE_MODULES = YES;
				CLANG_ENABLE_OBJC_ARC = YES;
				CLANG_ENABLE_OBJC_WEAK = YES;
				CLANG_WARN_BLOCK_CAPTURE_AUTORELEASING = YES;
				CLANG_WARN_BOOL_CONVERSION = YES;
				CLANG_WARN_COMMA = YES;
				CLANG_WARN_CONSTANT_CONVERSION = YES;
				CLANG_WARN_DEPRECATED_OBJC_IMPLEMENTATIONS = YES;
				CLANG_WARN_DIRECT_OBJC_ISA_USAGE = YES_ERROR;
				CLANG_WARN_DOCUMENTATION_COMMENTS = YES;
				CLANG_WARN_EMPTY_BODY = YES;
				CLANG_WARN_ENUM_CONVERSION = YES;
				CLANG_WARN_INFINITE_RECURSION = YES;
				CLANG_WARN_INT_CONVERSION = YES;
				CLANG_WARN_NON_LITERAL_NULL_CONVERSION = YES;
				CLANG_WARN_OBJC_IMPLICIT_RETAIN_SELF = YES;
				CLANG_WARN_OBJC_LITERAL_CONVERSION = YES;
				CLANG_WARN_OBJC_ROOT_CLASS = YES_ERROR;
				CLANG_WARN_RANGE_LOOP_ANALYSIS = YES;
				CLANG_WARN_STRICT_PROTOTYPES = YES;
				CLANG_WARN_SUSPICIOUS_MOVE = YES;
				CLANG_WARN_UNGUARDED_AVAILABILITY = YES_AGGRESSIVE;
				CLANG_WARN_UNREACHABLE_CODE = YES;
				CLANG_WARN__DUPLICATE_METHOD_MATCH = YES;
				CODE_SIGN_IDENTITY = "iPhone Developer";
				COPY_PHASE_STRIP = NO;
				DEBUG_INFORMATION_FORMAT = "dwarf-with-dsym";
				ENABLE_NS_ASSERTIONS = NO;
				ENABLE_STRICT_OBJC_MSGSEND = YES;
				GCC_C_LANGUAGE_STANDARD = gnu11;
				GCC_NO_COMMON_BLOCKS = YES;
				GCC_WARN_64_TO_32_BIT_CONVERSION = YES;
				GCC_WARN_ABOUT_RETURN_TYPE = YES_ERROR;
				GCC_WARN_UNDECLARED_SELECTOR = YES;
				GCC_WARN_UNINITIALIZED_AUTOS = YES_AGGRESSIVE;
				GCC_WARN_UNUSED_FUNCTION = YES;
				GCC_WARN_UNUSED_VARIABLE = YES;
				IPHONEOS_DEPLOYMENT_TARGET = 12.1;
				MTL_ENABLE_DEBUG_INFO = NO;
				MTL_FAST_MATH = YES;
				SDKROOT = iphoneos;
				SWIFT_COMPILATION_MODE = wholemodule;
				SWIFT_OPTIMIZATION_LEVEL = "-O";
				VALIDATE_PRODUCT = YES;
			};
			name = Release;
		};
		7FE0626B21AAC6AB00CA4EDE /* Debug */ = {
			isa = XCBuildConfiguration;
			buildSettings = {
				ASSETCATALOG_COMPILER_APPICON_NAME = AppIcon;
				CODE_SIGN_STYLE = Automatic;
				DEVELOPMENT_TEAM = M7UE9XQX9P;
				INFOPLIST_FILE = Favorite/Info.plist;
				LD_RUNPATH_SEARCH_PATHS = (
					"$(inherited)",
					"@executable_path/Frameworks",
				);
				PRODUCT_BUNDLE_IDENTIFIER = thekelvintan.com.Favorite;
				PRODUCT_NAME = "$(TARGET_NAME)";
				SWIFT_VERSION = 4.2;
				TARGETED_DEVICE_FAMILY = "1,2";
			};
			name = Debug;
		};
		7FE0626C21AAC6AB00CA4EDE /* Release */ = {
			isa = XCBuildConfiguration;
			buildSettings = {
				ASSETCATALOG_COMPILER_APPICON_NAME = AppIcon;
				CODE_SIGN_STYLE = Automatic;
				DEVELOPMENT_TEAM = M7UE9XQX9P;
				INFOPLIST_FILE = Favorite/Info.plist;
				LD_RUNPATH_SEARCH_PATHS = (
					"$(inherited)",
					"@executable_path/Frameworks",
				);
				PRODUCT_BUNDLE_IDENTIFIER = thekelvintan.com.Favorite;
				PRODUCT_NAME = "$(TARGET_NAME)";
				SWIFT_VERSION = 4.2;
				TARGETED_DEVICE_FAMILY = "1,2";
			};
			name = Release;
		};
/* End XCBuildConfiguration section */

/* Begin XCConfigurationList section */
		7FE0625321AAC6AA00CA4EDE /* Build configuration list for PBXProject "Favorite" */ = {
			isa = XCConfigurationList;
			buildConfigurations = (
				7FE0626821AAC6AB00CA4EDE /* Debug */,
				7FE0626921AAC6AB00CA4EDE /* Release */,
			);
			defaultConfigurationIsVisible = 0;
			defaultConfigurationName = Release;
		};
		7FE0626A21AAC6AB00CA4EDE /* Build configuration list for PBXNativeTarget "Favorite" */ = {
			isa = XCConfigurationList;
			buildConfigurations = (
				7FE0626B21AAC6AB00CA4EDE /* Debug */,
				7FE0626C21AAC6AB00CA4EDE /* Release */,
			);
			defaultConfigurationIsVisible = 0;
			defaultConfigurationName = Release;
		};
/* End XCConfigurationList section */
	};
	rootObject = 7FE0625021AAC6AA00CA4EDE /* Project object */;
}
